// !$*UTF8*$!
{
	archiveVersion = 1;
	classes = {
	};
	objectVersion = 46;
	objects = {

/* Begin PBXBuildFile section */
		B527FEED1B2EB2D700AD1D40 /* sample.mp3 in Resources */ = {isa = PBXBuildFile; fileRef = B527FEEC1B2EB2D700AD1D40 /* sample.mp3 */; };
		B57540C01B20565F0060FA56 /* AppDelegate.swift in Sources */ = {isa = PBXBuildFile; fileRef = B57540BF1B20565F0060FA56 /* AppDelegate.swift */; };
		B57540C51B20565F0060FA56 /* Main.storyboard in Resources */ = {isa = PBXBuildFile; fileRef = B57540C31B20565F0060FA56 /* Main.storyboard */; };
		B57540C71B20565F0060FA56 /* Images.xcassets in Resources */ = {isa = PBXBuildFile; fileRef = B57540C61B20565F0060FA56 /* Images.xcassets */; };
		B57540CA1B20565F0060FA56 /* LaunchScreen.xib in Resources */ = {isa = PBXBuildFile; fileRef = B57540C81B20565F0060FA56 /* LaunchScreen.xib */; };
		B57540D61B2056600060FA56 /* SPADS_CompareVoiceTests.swift in Sources */ = {isa = PBXBuildFile; fileRef = B57540D51B2056600060FA56 /* SPADS_CompareVoiceTests.swift */; };
		B57540E01B205C390060FA56 /* LanguagePickViewController.swift in Sources */ = {isa = PBXBuildFile; fileRef = B57540DF1B205C390060FA56 /* LanguagePickViewController.swift */; };
		B57C36981B4141A2006E33BC /* GLKit.framework in Frameworks */ = {isa = PBXBuildFile; fileRef = B57C36971B4141A2006E33BC /* GLKit.framework */; };
		B57C369A1B4141A9006E33BC /* AudioToolbox.framework in Frameworks */ = {isa = PBXBuildFile; fileRef = B57C36991B4141A9006E33BC /* AudioToolbox.framework */; };
		B57C369C1B414282006E33BC /* CompareViewController.swift in Sources */ = {isa = PBXBuildFile; fileRef = B57C369B1B414282006E33BC /* CompareViewController.swift */; };
		B57C36A61B423046006E33BC /* SCWaveformView.m in Sources */ = {isa = PBXBuildFile; fileRef = B57C36A11B423046006E33BC /* SCWaveformView.m */; };
		B57C36A71B423046006E33BC /* SYWaveformPlayerView.m in Sources */ = {isa = PBXBuildFile; fileRef = B57C36A31B423046006E33BC /* SYWaveformPlayerView.m */; };
		B57C36A91B42FAA8006E33BC /* SLPagingViewSwift.swift in Sources */ = {isa = PBXBuildFile; fileRef = B57C36A81B42FAA8006E33BC /* SLPagingViewSwift.swift */; };
		B57C36B51B430AE8006E33BC /* BWWalkthroughPageViewController.swift in Sources */ = {isa = PBXBuildFile; fileRef = B57C36B31B430AE8006E33BC /* BWWalkthroughPageViewController.swift */; };
		B57C36B61B430AE8006E33BC /* BWWalkthroughViewController.swift in Sources */ = {isa = PBXBuildFile; fileRef = B57C36B41B430AE8006E33BC /* BWWalkthroughViewController.swift */; };
		B57C36BD1B430B4B006E33BC /* CustomPageViewController.swift in Sources */ = {isa = PBXBuildFile; fileRef = B57C36BC1B430B4B006E33BC /* CustomPageViewController.swift */; };
		B57C36BF1B430B6F006E33BC /* Walkthrough.storyboard in Resources */ = {isa = PBXBuildFile; fileRef = B57C36BE1B430B6F006E33BC /* Walkthrough.storyboard */; };
		B5B20BBA1B2E6701004E8623 /* AVFoundation.framework in Frameworks */ = {isa = PBXBuildFile; fileRef = B5B20BB91B2E6701004E8623 /* AVFoundation.framework */; };
		B5B20BBC1B2E6707004E8623 /* Foundation.framework in Frameworks */ = {isa = PBXBuildFile; fileRef = B5B20BBB1B2E6707004E8623 /* Foundation.framework */; };
		B5B20BBE1B2E670D004E8623 /* CoreGraphics.framework in Frameworks */ = {isa = PBXBuildFile; fileRef = B5B20BBD1B2E670D004E8623 /* CoreGraphics.framework */; };
		B5B20BC01B2E6712004E8623 /* UIKit.framework in Frameworks */ = {isa = PBXBuildFile; fileRef = B5B20BBF1B2E6712004E8623 /* UIKit.framework */; };
		B5B20BC21B2E67DA004E8623 /* SiriWaveformView.swift in Sources */ = {isa = PBXBuildFile; fileRef = B5B20BC11B2E67DA004E8623 /* SiriWaveformView.swift */; };
		B5B33CA41B2E6A6300825CD3 /* RecordViewController.swift in Sources */ = {isa = PBXBuildFile; fileRef = B5B33CA31B2E6A6300825CD3 /* RecordViewController.swift */; };
		B5D9AFB61B253C8300F601E6 /* FlagsCollectionViewCell.swift in Sources */ = {isa = PBXBuildFile; fileRef = B5D9AFB51B253C8300F601E6 /* FlagsCollectionViewCell.swift */; };
		B5D9AFBB1B25410D00F601E6 /* MKLayer.swift in Sources */ = {isa = PBXBuildFile; fileRef = B5D9AFB71B25410D00F601E6 /* MKLayer.swift */; };
		B5D9AFBC1B25410D00F601E6 /* MKColor.swift in Sources */ = {isa = PBXBuildFile; fileRef = B5D9AFB81B25410D00F601E6 /* MKColor.swift */; };
		B5D9AFBD1B25410D00F601E6 /* MKButton.swift in Sources */ = {isa = PBXBuildFile; fileRef = B5D9AFB91B25410D00F601E6 /* MKButton.swift */; };
		B5D9AFBE1B25410D00F601E6 /* MKTextField.swift in Sources */ = {isa = PBXBuildFile; fileRef = B5D9AFBA1B25410D00F601E6 /* MKTextField.swift */; };
		B5D9AFC11B2545AD00F601E6 /* WordDictViewController.swift in Sources */ = {isa = PBXBuildFile; fileRef = B5D9AFC01B2545AD00F601E6 /* WordDictViewController.swift */; };
		B5D9AFC31B25505E00F601E6 /* AlphabetCollectionViewCell.swift in Sources */ = {isa = PBXBuildFile; fileRef = B5D9AFC21B25505E00F601E6 /* AlphabetCollectionViewCell.swift */; };
		B5D9AFC71B25675D00F601E6 /* CoreDataModel.xcdatamodeld in Sources */ = {isa = PBXBuildFile; fileRef = B5D9AFC51B25675D00F601E6 /* CoreDataModel.xcdatamodeld */; };
		B5D9AFC91B2571B500F601E6 /* InformationViewController.swift in Sources */ = {isa = PBXBuildFile; fileRef = B5D9AFC81B2571B500F601E6 /* InformationViewController.swift */; };
		B5D9AFCB1B25858B00F601E6 /* SettingViewController.swift in Sources */ = {isa = PBXBuildFile; fileRef = B5D9AFCA1B25858B00F601E6 /* SettingViewController.swift */; };
		B5D9AFCD1B25861D00F601E6 /* SettingFlagsCollectionViewCell.swift in Sources */ = {isa = PBXBuildFile; fileRef = B5D9AFCC1B25861D00F601E6 /* SettingFlagsCollectionViewCell.swift */; };
		B5D9AFD01B258E5900F601E6 /* PopViewController.swift in Sources */ = {isa = PBXBuildFile; fileRef = B5D9AFCF1B258E5900F601E6 /* PopViewController.swift */; };
		B85DC9DA30199362CC09C78F /* libPods.a in Frameworks */ = {isa = PBXBuildFile; fileRef = 922A9C2044C4D5EC0B998E3C /* libPods.a */; };
/* End PBXBuildFile section */

/* Begin PBXContainerItemProxy section */
		B57540D01B2056600060FA56 /* PBXContainerItemProxy */ = {
			isa = PBXContainerItemProxy;
			containerPortal = B57540B21B20565F0060FA56 /* Project object */;
			proxyType = 1;
			remoteGlobalIDString = B57540B91B20565F0060FA56;
			remoteInfo = "SPADS-CompareVoice";
		};
/* End PBXContainerItemProxy section */

/* Begin PBXFileReference section */
		6392A420874BE0C6353C58BF /* Pods.release.xcconfig */ = {isa = PBXFileReference; includeInIndex = 1; lastKnownFileType = text.xcconfig; name = Pods.release.xcconfig; path = "Pods/Target Support Files/Pods/Pods.release.xcconfig"; sourceTree = "<group>"; };
		922A9C2044C4D5EC0B998E3C /* libPods.a */ = {isa = PBXFileReference; explicitFileType = archive.ar; includeInIndex = 0; path = libPods.a; sourceTree = BUILT_PRODUCTS_DIR; };
		B527FEEC1B2EB2D700AD1D40 /* sample.mp3 */ = {isa = PBXFileReference; lastKnownFileType = audio.mp3; path = sample.mp3; sourceTree = "<group>"; };
		B57540BA1B20565F0060FA56 /* SPADS-CompareVoice.app */ = {isa = PBXFileReference; explicitFileType = wrapper.application; includeInIndex = 0; path = "SPADS-CompareVoice.app"; sourceTree = BUILT_PRODUCTS_DIR; };
		B57540BE1B20565F0060FA56 /* Info.plist */ = {isa = PBXFileReference; lastKnownFileType = text.plist.xml; path = Info.plist; sourceTree = "<group>"; };
		B57540BF1B20565F0060FA56 /* AppDelegate.swift */ = {isa = PBXFileReference; lastKnownFileType = sourcecode.swift; path = AppDelegate.swift; sourceTree = "<group>"; };
		B57540C41B20565F0060FA56 /* Base */ = {isa = PBXFileReference; lastKnownFileType = file.storyboard; name = Base; path = Base.lproj/Main.storyboard; sourceTree = "<group>"; };
		B57540C61B20565F0060FA56 /* Images.xcassets */ = {isa = PBXFileReference; lastKnownFileType = folder.assetcatalog; path = Images.xcassets; sourceTree = "<group>"; };
		B57540C91B20565F0060FA56 /* Base */ = {isa = PBXFileReference; lastKnownFileType = file.xib; name = Base; path = Base.lproj/LaunchScreen.xib; sourceTree = "<group>"; };
		B57540CF1B2056600060FA56 /* SPADS-CompareVoiceTests.xctest */ = {isa = PBXFileReference; explicitFileType = wrapper.cfbundle; includeInIndex = 0; path = "SPADS-CompareVoiceTests.xctest"; sourceTree = BUILT_PRODUCTS_DIR; };
		B57540D41B2056600060FA56 /* Info.plist */ = {isa = PBXFileReference; lastKnownFileType = text.plist.xml; path = Info.plist; sourceTree = "<group>"; };
		B57540D51B2056600060FA56 /* SPADS_CompareVoiceTests.swift */ = {isa = PBXFileReference; lastKnownFileType = sourcecode.swift; path = SPADS_CompareVoiceTests.swift; sourceTree = "<group>"; };
		B57540DF1B205C390060FA56 /* LanguagePickViewController.swift */ = {isa = PBXFileReference; fileEncoding = 4; lastKnownFileType = sourcecode.swift; path = LanguagePickViewController.swift; sourceTree = "<group>"; };
		B57C36971B4141A2006E33BC /* GLKit.framework */ = {isa = PBXFileReference; lastKnownFileType = wrapper.framework; name = GLKit.framework; path = System/Library/Frameworks/GLKit.framework; sourceTree = SDKROOT; };
		B57C36991B4141A9006E33BC /* AudioToolbox.framework */ = {isa = PBXFileReference; lastKnownFileType = wrapper.framework; name = AudioToolbox.framework; path = System/Library/Frameworks/AudioToolbox.framework; sourceTree = SDKROOT; };
		B57C369B1B414282006E33BC /* CompareViewController.swift */ = {isa = PBXFileReference; fileEncoding = 4; lastKnownFileType = sourcecode.swift; path = CompareViewController.swift; sourceTree = "<group>"; };
		B57C36A01B423046006E33BC /* SCWaveformView.h */ = {isa = PBXFileReference; fileEncoding = 4; lastKnownFileType = sourcecode.c.h; path = SCWaveformView.h; sourceTree = "<group>"; };
		B57C36A11B423046006E33BC /* SCWaveformView.m */ = {isa = PBXFileReference; fileEncoding = 4; lastKnownFileType = sourcecode.c.objc; path = SCWaveformView.m; sourceTree = "<group>"; };
		B57C36A21B423046006E33BC /* SYWaveformPlayerView.h */ = {isa = PBXFileReference; fileEncoding = 4; lastKnownFileType = sourcecode.c.h; path = SYWaveformPlayerView.h; sourceTree = "<group>"; };
		B57C36A31B423046006E33BC /* SYWaveformPlayerView.m */ = {isa = PBXFileReference; fileEncoding = 4; lastKnownFileType = sourcecode.c.objc; path = SYWaveformPlayerView.m; sourceTree = "<group>"; };
		B57C36A81B42FAA8006E33BC /* SLPagingViewSwift.swift */ = {isa = PBXFileReference; fileEncoding = 4; lastKnownFileType = sourcecode.swift; path = SLPagingViewSwift.swift; sourceTree = "<group>"; };
		B57C36B31B430AE8006E33BC /* BWWalkthroughPageViewController.swift */ = {isa = PBXFileReference; fileEncoding = 4; lastKnownFileType = sourcecode.swift; path = BWWalkthroughPageViewController.swift; sourceTree = "<group>"; };
		B57C36B41B430AE8006E33BC /* BWWalkthroughViewController.swift */ = {isa = PBXFileReference; fileEncoding = 4; lastKnownFileType = sourcecode.swift; path = BWWalkthroughViewController.swift; sourceTree = "<group>"; };
		B57C36BC1B430B4B006E33BC /* CustomPageViewController.swift */ = {isa = PBXFileReference; fileEncoding = 4; lastKnownFileType = sourcecode.swift; path = CustomPageViewController.swift; sourceTree = "<group>"; };
		B57C36BE1B430B6F006E33BC /* Walkthrough.storyboard */ = {isa = PBXFileReference; fileEncoding = 4; lastKnownFileType = file.storyboard; path = Walkthrough.storyboard; sourceTree = "<group>"; };
		B5B20BB31B2E65E8004E8623 /* SPADS-CompareVoice-Bridging-Header.h */ = {isa = PBXFileReference; lastKnownFileType = sourcecode.c.h; path = "SPADS-CompareVoice-Bridging-Header.h"; sourceTree = "<group>"; };
		B5B20BB91B2E6701004E8623 /* AVFoundation.framework */ = {isa = PBXFileReference; lastKnownFileType = wrapper.framework; name = AVFoundation.framework; path = System/Library/Frameworks/AVFoundation.framework; sourceTree = SDKROOT; };
		B5B20BBB1B2E6707004E8623 /* Foundation.framework */ = {isa = PBXFileReference; lastKnownFileType = wrapper.framework; name = Foundation.framework; path = System/Library/Frameworks/Foundation.framework; sourceTree = SDKROOT; };
		B5B20BBD1B2E670D004E8623 /* CoreGraphics.framework */ = {isa = PBXFileReference; lastKnownFileType = wrapper.framework; name = CoreGraphics.framework; path = System/Library/Frameworks/CoreGraphics.framework; sourceTree = SDKROOT; };
		B5B20BBF1B2E6712004E8623 /* UIKit.framework */ = {isa = PBXFileReference; lastKnownFileType = wrapper.framework; name = UIKit.framework; path = System/Library/Frameworks/UIKit.framework; sourceTree = SDKROOT; };
		B5B20BC11B2E67DA004E8623 /* SiriWaveformView.swift */ = {isa = PBXFileReference; fileEncoding = 4; lastKnownFileType = sourcecode.swift; path = SiriWaveformView.swift; sourceTree = "<group>"; };
		B5B33CA31B2E6A6300825CD3 /* RecordViewController.swift */ = {isa = PBXFileReference; fileEncoding = 4; lastKnownFileType = sourcecode.swift; path = RecordViewController.swift; sourceTree = "<group>"; };
		B5D9AFB51B253C8300F601E6 /* FlagsCollectionViewCell.swift */ = {isa = PBXFileReference; fileEncoding = 4; lastKnownFileType = sourcecode.swift; path = FlagsCollectionViewCell.swift; sourceTree = "<group>"; };
		B5D9AFB71B25410D00F601E6 /* MKLayer.swift */ = {isa = PBXFileReference; fileEncoding = 4; lastKnownFileType = sourcecode.swift; path = MKLayer.swift; sourceTree = "<group>"; };
		B5D9AFB81B25410D00F601E6 /* MKColor.swift */ = {isa = PBXFileReference; fileEncoding = 4; lastKnownFileType = sourcecode.swift; path = MKColor.swift; sourceTree = "<group>"; };
		B5D9AFB91B25410D00F601E6 /* MKButton.swift */ = {isa = PBXFileReference; fileEncoding = 4; lastKnownFileType = sourcecode.swift; path = MKButton.swift; sourceTree = "<group>"; };
		B5D9AFBA1B25410D00F601E6 /* MKTextField.swift */ = {isa = PBXFileReference; fileEncoding = 4; lastKnownFileType = sourcecode.swift; path = MKTextField.swift; sourceTree = "<group>"; };
		B5D9AFC01B2545AD00F601E6 /* WordDictViewController.swift */ = {isa = PBXFileReference; fileEncoding = 4; lastKnownFileType = sourcecode.swift; path = WordDictViewController.swift; sourceTree = "<group>"; };
		B5D9AFC21B25505E00F601E6 /* AlphabetCollectionViewCell.swift */ = {isa = PBXFileReference; fileEncoding = 4; lastKnownFileType = sourcecode.swift; path = AlphabetCollectionViewCell.swift; sourceTree = "<group>"; };
		B5D9AFC61B25675D00F601E6 /* CoreDataModel.xcdatamodel */ = {isa = PBXFileReference; lastKnownFileType = wrapper.xcdatamodel; path = CoreDataModel.xcdatamodel; sourceTree = "<group>"; };
		B5D9AFC81B2571B500F601E6 /* InformationViewController.swift */ = {isa = PBXFileReference; fileEncoding = 4; lastKnownFileType = sourcecode.swift; path = InformationViewController.swift; sourceTree = "<group>"; };
		B5D9AFCA1B25858B00F601E6 /* SettingViewController.swift */ = {isa = PBXFileReference; fileEncoding = 4; lastKnownFileType = sourcecode.swift; path = SettingViewController.swift; sourceTree = "<group>"; };
		B5D9AFCC1B25861D00F601E6 /* SettingFlagsCollectionViewCell.swift */ = {isa = PBXFileReference; fileEncoding = 4; lastKnownFileType = sourcecode.swift; path = SettingFlagsCollectionViewCell.swift; sourceTree = "<group>"; };
		B5D9AFCF1B258E5900F601E6 /* PopViewController.swift */ = {isa = PBXFileReference; fileEncoding = 4; lastKnownFileType = sourcecode.swift; path = PopViewController.swift; sourceTree = "<group>"; };
		ED420BCECEA8229D38CC2781 /* Pods.debug.xcconfig */ = {isa = PBXFileReference; includeInIndex = 1; lastKnownFileType = text.xcconfig; name = Pods.debug.xcconfig; path = "Pods/Target Support Files/Pods/Pods.debug.xcconfig"; sourceTree = "<group>"; };
/* End PBXFileReference section */

/* Begin PBXFrameworksBuildPhase section */
		B57540B71B20565F0060FA56 /* Frameworks */ = {
			isa = PBXFrameworksBuildPhase;
			buildActionMask = 2147483647;
			files = (
				B5B20BBE1B2E670D004E8623 /* CoreGraphics.framework in Frameworks */,
				B57C369A1B4141A9006E33BC /* AudioToolbox.framework in Frameworks */,
				B57C36981B4141A2006E33BC /* GLKit.framework in Frameworks */,
				B5B20BC01B2E6712004E8623 /* UIKit.framework in Frameworks */,
				B5B20BBC1B2E6707004E8623 /* Foundation.framework in Frameworks */,
				B5B20BBA1B2E6701004E8623 /* AVFoundation.framework in Frameworks */,
				B85DC9DA30199362CC09C78F /* libPods.a in Frameworks */,
			);
			runOnlyForDeploymentPostprocessing = 0;
		};
		B57540CC1B2056600060FA56 /* Frameworks */ = {
			isa = PBXFrameworksBuildPhase;
			buildActionMask = 2147483647;
			files = (
			);
			runOnlyForDeploymentPostprocessing = 0;
		};
/* End PBXFrameworksBuildPhase section */

/* Begin PBXGroup section */
		A27E7C4A6BE3F34AA06DA729 /* Pods */ = {
			isa = PBXGroup;
			children = (
				ED420BCECEA8229D38CC2781 /* Pods.debug.xcconfig */,
				6392A420874BE0C6353C58BF /* Pods.release.xcconfig */,
			);
			name = Pods;
			sourceTree = "<group>";
		};
		B57540B11B20565F0060FA56 = {
			isa = PBXGroup;
			children = (
				B57C36991B4141A9006E33BC /* AudioToolbox.framework */,
				B57C36971B4141A2006E33BC /* GLKit.framework */,
				B5B20BBF1B2E6712004E8623 /* UIKit.framework */,
				B5B20BBD1B2E670D004E8623 /* CoreGraphics.framework */,
				B5B20BBB1B2E6707004E8623 /* Foundation.framework */,
				B5B20BB91B2E6701004E8623 /* AVFoundation.framework */,
				B57540BC1B20565F0060FA56 /* SPADS-CompareVoice */,
				B57540D21B2056600060FA56 /* SPADS-CompareVoiceTests */,
				B57540BB1B20565F0060FA56 /* Products */,
				A27E7C4A6BE3F34AA06DA729 /* Pods */,
				CEB4C4101BBBD6DE086F67BD /* Frameworks */,
			);
			sourceTree = "<group>";
		};
		B57540BB1B20565F0060FA56 /* Products */ = {
			isa = PBXGroup;
			children = (
				B57540BA1B20565F0060FA56 /* SPADS-CompareVoice.app */,
				B57540CF1B2056600060FA56 /* SPADS-CompareVoiceTests.xctest */,
			);
			name = Products;
			sourceTree = "<group>";
		};
		B57540BC1B20565F0060FA56 /* SPADS-CompareVoice */ = {
			isa = PBXGroup;
			children = (
				B57C36B71B430AEB006E33BC /* BWWalkthrough */,
				B5D9AFBF1B2544BF00F601E6 /* Language Picker */,
				B5D9AFC41B25506600F601E6 /* Find Word */,
				B5D9AFC81B2571B500F601E6 /* InformationViewController.swift */,
				B5B33CA31B2E6A6300825CD3 /* RecordViewController.swift */,
				B57C369B1B414282006E33BC /* CompareViewController.swift */,
				B5D9AFCE1B25865900F601E6 /* Setting */,
				B57540C31B20565F0060FA56 /* Main.storyboard */,
				B57C36BE1B430B6F006E33BC /* Walkthrough.storyboard */,
				B57540C61B20565F0060FA56 /* Images.xcassets */,
				B57540C81B20565F0060FA56 /* LaunchScreen.xib */,
				B57540BD1B20565F0060FA56 /* Supporting Files */,
			);
			path = "SPADS-CompareVoice";
			sourceTree = "<group>";
		};
		B57540BD1B20565F0060FA56 /* Supporting Files */ = {
			isa = PBXGroup;
			children = (
				B57C36A81B42FAA8006E33BC /* SLPagingViewSwift.swift */,
				B57C369D1B423046006E33BC /* SYWaveformPlayer */,
				B527FEEC1B2EB2D700AD1D40 /* sample.mp3 */,
				B5B20BB81B2E65F9004E8623 /* Material Design */,
				B5B20BB71B2E65EF004E8623 /* Siri Wave */,
				B57540BF1B20565F0060FA56 /* AppDelegate.swift */,
				B5D9AFC51B25675D00F601E6 /* CoreDataModel.xcdatamodeld */,
				B57540BE1B20565F0060FA56 /* Info.plist */,
				B5B20BB31B2E65E8004E8623 /* SPADS-CompareVoice-Bridging-Header.h */,
			);
			name = "Supporting Files";
			sourceTree = "<group>";
		};
		B57540D21B2056600060FA56 /* SPADS-CompareVoiceTests */ = {
			isa = PBXGroup;
			children = (
				B57540D51B2056600060FA56 /* SPADS_CompareVoiceTests.swift */,
				B57540D31B2056600060FA56 /* Supporting Files */,
			);
			path = "SPADS-CompareVoiceTests";
			sourceTree = "<group>";
		};
		B57540D31B2056600060FA56 /* Supporting Files */ = {
			isa = PBXGroup;
			children = (
				B57540D41B2056600060FA56 /* Info.plist */,
			);
			name = "Supporting Files";
			sourceTree = "<group>";
		};
		B57C369D1B423046006E33BC /* SYWaveformPlayer */ = {
			isa = PBXGroup;
			children = (
				B57C36A01B423046006E33BC /* SCWaveformView.h */,
				B57C36A11B423046006E33BC /* SCWaveformView.m */,
				B57C36A21B423046006E33BC /* SYWaveformPlayerView.h */,
				B57C36A31B423046006E33BC /* SYWaveformPlayerView.m */,
			);
			path = SYWaveformPlayer;
			sourceTree = "<group>";
		};
		B57C36B71B430AEB006E33BC /* BWWalkthrough */ = {
			isa = PBXGroup;
			children = (
				B57C36B31B430AE8006E33BC /* BWWalkthroughPageViewController.swift */,
				B57C36B41B430AE8006E33BC /* BWWalkthroughViewController.swift */,
				B57C36BC1B430B4B006E33BC /* CustomPageViewController.swift */,
			);
			name = BWWalkthrough;
			sourceTree = "<group>";
		};
		B5B20BB71B2E65EF004E8623 /* Siri Wave */ = {
			isa = PBXGroup;
			children = (
				B5B20BC11B2E67DA004E8623 /* SiriWaveformView.swift */,
			);
			name = "Siri Wave";
			sourceTree = "<group>";
		};
		B5B20BB81B2E65F9004E8623 /* Material Design */ = {
			isa = PBXGroup;
			children = (
				B5D9AFB71B25410D00F601E6 /* MKLayer.swift */,
				B5D9AFB81B25410D00F601E6 /* MKColor.swift */,
				B5D9AFB91B25410D00F601E6 /* MKButton.swift */,
				B5D9AFBA1B25410D00F601E6 /* MKTextField.swift */,
			);
			name = "Material Design";
			sourceTree = "<group>";
		};
		B5D9AFBF1B2544BF00F601E6 /* Language Picker */ = {
			isa = PBXGroup;
			children = (
				B57540DF1B205C390060FA56 /* LanguagePickViewController.swift */,
				B5D9AFB51B253C8300F601E6 /* FlagsCollectionViewCell.swift */,
			);
			name = "Language Picker";
			sourceTree = "<group>";
		};
		B5D9AFC41B25506600F601E6 /* Find Word */ = {
			isa = PBXGroup;
			children = (
				B5D9AFC01B2545AD00F601E6 /* WordDictViewController.swift */,
				B5D9AFC21B25505E00F601E6 /* AlphabetCollectionViewCell.swift */,
			);
			name = "Find Word";
			sourceTree = "<group>";
		};
		B5D9AFCE1B25865900F601E6 /* Setting */ = {
			isa = PBXGroup;
			children = (
				B5D9AFCA1B25858B00F601E6 /* SettingViewController.swift */,
				B5D9AFCC1B25861D00F601E6 /* SettingFlagsCollectionViewCell.swift */,
				B5D9AFCF1B258E5900F601E6 /* PopViewController.swift */,
			);
			name = Setting;
			sourceTree = "<group>";
		};
		CEB4C4101BBBD6DE086F67BD /* Frameworks */ = {
			isa = PBXGroup;
			children = (
				922A9C2044C4D5EC0B998E3C /* libPods.a */,
			);
			name = Frameworks;
			sourceTree = "<group>";
		};
/* End PBXGroup section */

/* Begin PBXNativeTarget section */
		B57540B91B20565F0060FA56 /* SPADS-CompareVoice */ = {
			isa = PBXNativeTarget;
			buildConfigurationList = B57540D91B2056600060FA56 /* Build configuration list for PBXNativeTarget "SPADS-CompareVoice" */;
			buildPhases = (
				FCCFCCA55DEF3500ED93BC61 /* Check Pods Manifest.lock */,
				B57540B61B20565F0060FA56 /* Sources */,
				B57540B71B20565F0060FA56 /* Frameworks */,
				B57540B81B20565F0060FA56 /* Resources */,
				E95AA08D4FA48D0560CA5CAB /* Copy Pods Resources */,
			);
			buildRules = (
			);
			dependencies = (
			);
			name = "SPADS-CompareVoice";
			productName = "SPADS-CompareVoice";
			productReference = B57540BA1B20565F0060FA56 /* SPADS-CompareVoice.app */;
			productType = "com.apple.product-type.application";
		};
		B57540CE1B2056600060FA56 /* SPADS-CompareVoiceTests */ = {
			isa = PBXNativeTarget;
			buildConfigurationList = B57540DC1B2056600060FA56 /* Build configuration list for PBXNativeTarget "SPADS-CompareVoiceTests" */;
			buildPhases = (
				B57540CB1B2056600060FA56 /* Sources */,
				B57540CC1B2056600060FA56 /* Frameworks */,
				B57540CD1B2056600060FA56 /* Resources */,
			);
			buildRules = (
			);
			dependencies = (
				B57540D11B2056600060FA56 /* PBXTargetDependency */,
			);
			name = "SPADS-CompareVoiceTests";
			productName = "SPADS-CompareVoiceTests";
			productReference = B57540CF1B2056600060FA56 /* SPADS-CompareVoiceTests.xctest */;
			productType = "com.apple.product-type.bundle.unit-test";
		};
/* End PBXNativeTarget section */

/* Begin PBXProject section */
		B57540B21B20565F0060FA56 /* Project object */ = {
			isa = PBXProject;
			attributes = {
				LastSwiftUpdateCheck = 0700;
				LastUpgradeCheck = 0710;
				ORGANIZATIONNAME = buingocbao;
				TargetAttributes = {
					B57540B91B20565F0060FA56 = {
						CreatedOnToolsVersion = 6.3.1;
					};
					B57540CE1B2056600060FA56 = {
						CreatedOnToolsVersion = 6.3.1;
						TestTargetID = B57540B91B20565F0060FA56;
					};
				};
			};
			buildConfigurationList = B57540B51B20565F0060FA56 /* Build configuration list for PBXProject "SPADS-CompareVoice" */;
			compatibilityVersion = "Xcode 3.2";
			developmentRegion = English;
			hasScannedForEncodings = 0;
			knownRegions = (
				en,
				Base,
			);
			mainGroup = B57540B11B20565F0060FA56;
			productRefGroup = B57540BB1B20565F0060FA56 /* Products */;
			projectDirPath = "";
			projectRoot = "";
			targets = (
				B57540B91B20565F0060FA56 /* SPADS-CompareVoice */,
				B57540CE1B2056600060FA56 /* SPADS-CompareVoiceTests */,
			);
		};
/* End PBXProject section */

/* Begin PBXResourcesBuildPhase section */
		B57540B81B20565F0060FA56 /* Resources */ = {
			isa = PBXResourcesBuildPhase;
			buildActionMask = 2147483647;
			files = (
				B57540C51B20565F0060FA56 /* Main.storyboard in Resources */,
				B57540CA1B20565F0060FA56 /* LaunchScreen.xib in Resources */,
				B527FEED1B2EB2D700AD1D40 /* sample.mp3 in Resources */,
				B57C36BF1B430B6F006E33BC /* Walkthrough.storyboard in Resources */,
				B57540C71B20565F0060FA56 /* Images.xcassets in Resources */,
			);
			runOnlyForDeploymentPostprocessing = 0;
		};
		B57540CD1B2056600060FA56 /* Resources */ = {
			isa = PBXResourcesBuildPhase;
			buildActionMask = 2147483647;
			files = (
			);
			runOnlyForDeploymentPostprocessing = 0;
		};
/* End PBXResourcesBuildPhase section */

/* Begin PBXShellScriptBuildPhase section */
		E95AA08D4FA48D0560CA5CAB /* Copy Pods Resources */ = {
			isa = PBXShellScriptBuildPhase;
			buildActionMask = 2147483647;
			files = (
			);
			inputPaths = (
			);
			name = "Copy Pods Resources";
			outputPaths = (
			);
			runOnlyForDeploymentPostprocessing = 0;
			shellPath = /bin/sh;
			shellScript = "\"${SRCROOT}/Pods/Target Support Files/Pods/Pods-resources.sh\"\n";
			showEnvVarsInLog = 0;
		};
		FCCFCCA55DEF3500ED93BC61 /* Check Pods Manifest.lock */ = {
			isa = PBXShellScriptBuildPhase;
			buildActionMask = 2147483647;
			files = (
			);
			inputPaths = (
			);
			name = "Check Pods Manifest.lock";
			outputPaths = (
			);
			runOnlyForDeploymentPostprocessing = 0;
			shellPath = /bin/sh;
			shellScript = "diff \"${PODS_ROOT}/../Podfile.lock\" \"${PODS_ROOT}/Manifest.lock\" > /dev/null\nif [[ $? != 0 ]] ; then\n    cat << EOM\nerror: The sandbox is not in sync with the Podfile.lock. Run 'pod install' or update your CocoaPods installation.\nEOM\n    exit 1\nfi\n";
			showEnvVarsInLog = 0;
		};
/* End PBXShellScriptBuildPhase section */

/* Begin PBXSourcesBuildPhase section */
		B57540B61B20565F0060FA56 /* Sources */ = {
			isa = PBXSourcesBuildPhase;
			buildActionMask = 2147483647;
			files = (
				B5D9AFC31B25505E00F601E6 /* AlphabetCollectionViewCell.swift in Sources */,
				B5B20BC21B2E67DA004E8623 /* SiriWaveformView.swift in Sources */,
				B5D9AFC91B2571B500F601E6 /* InformationViewController.swift in Sources */,
				B5B33CA41B2E6A6300825CD3 /* RecordViewController.swift in Sources */,
				B5D9AFD01B258E5900F601E6 /* PopViewController.swift in Sources */,
				B57540E01B205C390060FA56 /* LanguagePickViewController.swift in Sources */,
				B5D9AFBB1B25410D00F601E6 /* MKLayer.swift in Sources */,
				B5D9AFBE1B25410D00F601E6 /* MKTextField.swift in Sources */,
				B57C36B61B430AE8006E33BC /* BWWalkthroughViewController.swift in Sources */,
				B5D9AFC71B25675D00F601E6 /* CoreDataModel.xcdatamodeld in Sources */,
				B57C36BD1B430B4B006E33BC /* CustomPageViewController.swift in Sources */,
				B57C36A61B423046006E33BC /* SCWaveformView.m in Sources */,
				B57540C01B20565F0060FA56 /* AppDelegate.swift in Sources */,
				B5D9AFBD1B25410D00F601E6 /* MKButton.swift in Sources */,
				B57C36B51B430AE8006E33BC /* BWWalkthroughPageViewController.swift in Sources */,
				B57C369C1B414282006E33BC /* CompareViewController.swift in Sources */,
				B5D9AFBC1B25410D00F601E6 /* MKColor.swift in Sources */,
				B5D9AFC11B2545AD00F601E6 /* WordDictViewController.swift in Sources */,
				B5D9AFCD1B25861D00F601E6 /* SettingFlagsCollectionViewCell.swift in Sources */,
				B57C36A71B423046006E33BC /* SYWaveformPlayerView.m in Sources */,
				B5D9AFB61B253C8300F601E6 /* FlagsCollectionViewCell.swift in Sources */,
				B5D9AFCB1B25858B00F601E6 /* SettingViewController.swift in Sources */,
				B57C36A91B42FAA8006E33BC /* SLPagingViewSwift.swift in Sources */,
			);
			runOnlyForDeploymentPostprocessing = 0;
		};
		B57540CB1B2056600060FA56 /* Sources */ = {
			isa = PBXSourcesBuildPhase;
			buildActionMask = 2147483647;
			files = (
				B57540D61B2056600060FA56 /* SPADS_CompareVoiceTests.swift in Sources */,
			);
			runOnlyForDeploymentPostprocessing = 0;
		};
/* End PBXSourcesBuildPhase section */

/* Begin PBXTargetDependency section */
		B57540D11B2056600060FA56 /* PBXTargetDependency */ = {
			isa = PBXTargetDependency;
			target = B57540B91B20565F0060FA56 /* SPADS-CompareVoice */;
			targetProxy = B57540D01B2056600060FA56 /* PBXContainerItemProxy */;
		};
/* End PBXTargetDependency section */

/* Begin PBXVariantGroup section */
		B57540C31B20565F0060FA56 /* Main.storyboard */ = {
			isa = PBXVariantGroup;
			children = (
				B57540C41B20565F0060FA56 /* Base */,
			);
			name = Main.storyboard;
			sourceTree = "<group>";
		};
		B57540C81B20565F0060FA56 /* LaunchScreen.xib */ = {
			isa = PBXVariantGroup;
			children = (
				B57540C91B20565F0060FA56 /* Base */,
			);
			name = LaunchScreen.xib;
			sourceTree = "<group>";
		};
/* End PBXVariantGroup section */

/* Begin XCBuildConfiguration section */
		B57540D71B2056600060FA56 /* Debug */ = {
			isa = XCBuildConfiguration;
			buildSettings = {
				ALWAYS_SEARCH_USER_PATHS = NO;
				CLANG_CXX_LANGUAGE_STANDARD = "gnu++0x";
				CLANG_CXX_LIBRARY = "libc++";
				CLANG_ENABLE_MODULES = YES;
				CLANG_ENABLE_OBJC_ARC = YES;
				CLANG_WARN_BOOL_CONVERSION = YES;
				CLANG_WARN_CONSTANT_CONVERSION = YES;
				CLANG_WARN_DIRECT_OBJC_ISA_USAGE = YES_ERROR;
				CLANG_WARN_EMPTY_BODY = YES;
				CLANG_WARN_ENUM_CONVERSION = YES;
				CLANG_WARN_INT_CONVERSION = YES;
				CLANG_WARN_OBJC_ROOT_CLASS = YES_ERROR;
				CLANG_WARN_UNREACHABLE_CODE = YES;
				CLANG_WARN__DUPLICATE_METHOD_MATCH = YES;
				"CODE_SIGN_IDENTITY[sdk=iphoneos*]" = "iPhone Developer";
				COPY_PHASE_STRIP = NO;
				DEBUG_INFORMATION_FORMAT = "dwarf-with-dsym";
				ENABLE_STRICT_OBJC_MSGSEND = YES;
				ENABLE_TESTABILITY = YES;
				GCC_C_LANGUAGE_STANDARD = gnu99;
				GCC_DYNAMIC_NO_PIC = NO;
				GCC_NO_COMMON_BLOCKS = YES;
				GCC_OPTIMIZATION_LEVEL = 0;
				GCC_PREPROCESSOR_DEFINITIONS = (
					"DEBUG=1",
					"$(inherited)",
				);
				GCC_SYMBOLS_PRIVATE_EXTERN = NO;
				GCC_WARN_64_TO_32_BIT_CONVERSION = YES;
				GCC_WARN_ABOUT_RETURN_TYPE = YES_ERROR;
				GCC_WARN_UNDECLARED_SELECTOR = YES;
				GCC_WARN_UNINITIALIZED_AUTOS = YES_AGGRESSIVE;
				GCC_WARN_UNUSED_FUNCTION = YES;
				GCC_WARN_UNUSED_VARIABLE = YES;
				IPHONEOS_DEPLOYMENT_TARGET = 8.3;
				MTL_ENABLE_DEBUG_INFO = YES;
				ONLY_ACTIVE_ARCH = YES;
				SDKROOT = iphoneos;
				SWIFT_OPTIMIZATION_LEVEL = "-Onone";
			};
			name = Debug;
		};
		B57540D81B2056600060FA56 /* Release */ = {
			isa = XCBuildConfiguration;
			buildSettings = {
				ALWAYS_SEARCH_USER_PATHS = NO;
				CLANG_CXX_LANGUAGE_STANDARD = "gnu++0x";
				CLANG_CXX_LIBRARY = "libc++";
				CLANG_ENABLE_MODULES = YES;
				CLANG_ENABLE_OBJC_ARC = YES;
				CLANG_WARN_BOOL_CONVERSION = YES;
				CLANG_WARN_CONSTANT_CONVERSION = YES;
				CLANG_WARN_DIRECT_OBJC_ISA_USAGE = YES_ERROR;
				CLANG_WARN_EMPTY_BODY = YES;
				CLANG_WARN_ENUM_CONVERSION = YES;
				CLANG_WARN_INT_CONVERSION = YES;
				CLANG_WARN_OBJC_ROOT_CLASS = YES_ERROR;
				CLANG_WARN_UNREACHABLE_CODE = YES;
				CLANG_WARN__DUPLICATE_METHOD_MATCH = YES;
				"CODE_SIGN_IDENTITY[sdk=iphoneos*]" = "iPhone Developer";
				COPY_PHASE_STRIP = NO;
				DEBUG_INFORMATION_FORMAT = "dwarf-with-dsym";
				ENABLE_NS_ASSERTIONS = NO;
				ENABLE_STRICT_OBJC_MSGSEND = YES;
				GCC_C_LANGUAGE_STANDARD = gnu99;
				GCC_NO_COMMON_BLOCKS = YES;
				GCC_WARN_64_TO_32_BIT_CONVERSION = YES;
				GCC_WARN_ABOUT_RETURN_TYPE = YES_ERROR;
				GCC_WARN_UNDECLARED_SELECTOR = YES;
				GCC_WARN_UNINITIALIZED_AUTOS = YES_AGGRESSIVE;
				GCC_WARN_UNUSED_FUNCTION = YES;
				GCC_WARN_UNUSED_VARIABLE = YES;
				IPHONEOS_DEPLOYMENT_TARGET = 8.3;
				MTL_ENABLE_DEBUG_INFO = NO;
				SDKROOT = iphoneos;
				VALIDATE_PRODUCT = YES;
			};
			name = Release;
		};
		B57540DA1B2056600060FA56 /* Debug */ = {
			isa = XCBuildConfiguration;
			baseConfigurationReference = ED420BCECEA8229D38CC2781 /* Pods.debug.xcconfig */;
			buildSettings = {
				ASSETCATALOG_COMPILER_APPICON_NAME = AppIcon;
				CLANG_ENABLE_MODULES = YES;
				INFOPLIST_FILE = "SPADS-CompareVoice/Info.plist";
				IPHONEOS_DEPLOYMENT_TARGET = 8.0;
				LD_RUNPATH_SEARCH_PATHS = "$(inherited) @executable_path/Frameworks";
				PRODUCT_BUNDLE_IDENTIFIER = "buingocbao.$(PRODUCT_NAME:rfc1034identifier)";
				PRODUCT_NAME = "$(TARGET_NAME)";
				SWIFT_OBJC_BRIDGING_HEADER = "SPADS-CompareVoice/SPADS-CompareVoice-Bridging-Header.h";
				SWIFT_OPTIMIZATION_LEVEL = "-Onone";
			};
			name = Debug;
		};
		B57540DB1B2056600060FA56 /* Release */ = {
			isa = XCBuildConfiguration;
			baseConfigurationReference = 6392A420874BE0C6353C58BF /* Pods.release.xcconfig */;
			buildSettings = {
				ASSETCATALOG_COMPILER_APPICON_NAME = AppIcon;
				CLANG_ENABLE_MODULES = YES;
				INFOPLIST_FILE = "SPADS-CompareVoice/Info.plist";
				IPHONEOS_DEPLOYMENT_TARGET = 8.0;
				LD_RUNPATH_SEARCH_PATHS = "$(inherited) @executable_path/Frameworks";
				PRODUCT_BUNDLE_IDENTIFIER = "buingocbao.$(PRODUCT_NAME:rfc1034identifier)";
				PRODUCT_NAME = "$(TARGET_NAME)";
				SWIFT_OBJC_BRIDGING_HEADER = "SPADS-CompareVoice/SPADS-CompareVoice-Bridging-Header.h";
			};
			name = Release;
		};
		B57540DD1B2056600060FA56 /* Debug */ = {
			isa = XCBuildConfiguration;
			buildSettings = {
				BUNDLE_LOADER = "$(TEST_HOST)";
				FRAMEWORK_SEARCH_PATHS = (
					"$(SDKROOT)/Developer/Library/Frameworks",
					"$(inherited)",
				);
				GCC_PREPROCESSOR_DEFINITIONS = (
					"DEBUG=1",
					"$(inherited)",
				);
				INFOPLIST_FILE = "SPADS-CompareVoiceTests/Info.plist";
				LD_RUNPATH_SEARCH_PATHS = "$(inherited) @executable_path/Frameworks @loader_path/Frameworks";
				PRODUCT_BUNDLE_IDENTIFIER = "buingocbao.$(PRODUCT_NAME:rfc1034identifier)";
				PRODUCT_NAME = "$(TARGET_NAME)";
				TEST_HOST = "$(BUILT_PRODUCTS_DIR)/SPADS-CompareVoice.app/SPADS-CompareVoice";
			};
			name = Debug;
		};
		B57540DE1B2056600060FA56 /* Release */ = {
			isa = XCBuildConfiguration;
			buildSettings = {
				BUNDLE_LOADER = "$(TEST_HOST)";
				FRAMEWORK_SEARCH_PATHS = (
					"$(SDKROOT)/Developer/Library/Frameworks",
					"$(inherited)",
				);
				INFOPLIST_FILE = "SPADS-CompareVoiceTests/Info.plist";
				LD_RUNPATH_SEARCH_PATHS = "$(inherited) @executable_path/Frameworks @loader_path/Frameworks";
				PRODUCT_BUNDLE_IDENTIFIER = "buingocbao.$(PRODUCT_NAME:rfc1034identifier)";
				PRODUCT_NAME = "$(TARGET_NAME)";
				TEST_HOST = "$(BUILT_PRODUCTS_DIR)/SPADS-CompareVoice.app/SPADS-CompareVoice";
			};
			name = Release;
		};
/* End XCBuildConfiguration section */

/* Begin XCConfigurationList section */
		B57540B51B20565F0060FA56 /* Build configuration list for PBXProject "SPADS-CompareVoice" */ = {
			isa = XCConfigurationList;
			buildConfigurations = (
				B57540D71B2056600060FA56 /* Debug */,
				B57540D81B2056600060FA56 /* Release */,
			);
			defaultConfigurationIsVisible = 0;
			defaultConfigurationName = Release;
		};
		B57540D91B2056600060FA56 /* Build configuration list for PBXNativeTarget "SPADS-CompareVoice" */ = {
			isa = XCConfigurationList;
			buildConfigurations = (
				B57540DA1B2056600060FA56 /* Debug */,
				B57540DB1B2056600060FA56 /* Release */,
			);
			defaultConfigurationIsVisible = 0;
			defaultConfigurationName = Release;
		};
		B57540DC1B2056600060FA56 /* Build configuration list for PBXNativeTarget "SPADS-CompareVoiceTests" */ = {
			isa = XCConfigurationList;
			buildConfigurations = (
				B57540DD1B2056600060FA56 /* Debug */,
				B57540DE1B2056600060FA56 /* Release */,
			);
			defaultConfigurationIsVisible = 0;
			defaultConfigurationName = Release;
		};
/* End XCConfigurationList section */

/* Begin XCVersionGroup section */
		B5D9AFC51B25675D00F601E6 /* CoreDataModel.xcdatamodeld */ = {
			isa = XCVersionGroup;
			children = (
				B5D9AFC61B25675D00F601E6 /* CoreDataModel.xcdatamodel */,
			);
			currentVersion = B5D9AFC61B25675D00F601E6 /* CoreDataModel.xcdatamodel */;
			path = CoreDataModel.xcdatamodeld;
			sourceTree = "<group>";
			versionGroupType = wrapper.xcdatamodel;
		};
/* End XCVersionGroup section */
	};
	rootObject = B57540B21B20565F0060FA56 /* Project object */;
}
